
Microsoft Visual Studio Solution File, Format Version 12.00
# Visual Studio Version 17
VisualStudioVersion = 17.8.34511.84
MinimumVisualStudioVersion = 10.0.40219.1
Project("{FAE04EC0-301F-11D3-BF4B-00C04F79EFBC}") = "lab8", "lab8\lab8.csproj", "{58ED65E7-D1A8-4525-9BE7-DB5E0D432B96}"
EndProject
Global
	GlobalSection(SolutionConfigurationPlatforms) = preSolution
		Debug|Any CPU = Debug|Any CPU
		Release|Any CPU = Release|Any CPU
	EndGlobalSection
	GlobalSection(ProjectConfigurationPlatforms) = postSolution
		{58ED65E7-D1A8-4525-9BE7-DB5E0D432B96}.Debug|Any CPU.ActiveCfg = Debug|Any CPU
		{58ED65E7-D1A8-4525-9BE7-DB5E0D432B96}.Debug|Any CPU.Build.0 = Debug|Any CPU
		{58ED65E7-D1A8-4525-9BE7-DB5E0D432B96}.Release|Any CPU.ActiveCfg = Release|Any CPU
		{58ED65E7-D1A8-4525-9BE7-DB5E0D432B96}.Release|Any CPU.Build.0 = Release|Any CPU
	EndGlobalSection
	GlobalSection(SolutionProperties) = preSolution
		HideSolutionNode = FALSE
	EndGlobalSection
	GlobalSection(ExtensibilityGlobals) = postSolution
		SolutionGuid = {6B61F462-8044-42F8-A77B-A2839F30F65A}
	EndGlobalSection
EndGlobal
